
Microsoft Visual Studio Solution File, Format Version 12.00
# Visual Studio Version 17
VisualStudioVersion = 17.3.32825.248
MinimumVisualStudioVersion = 10.0.40219.1
Project("{8BC9CEB8-8B4A-11D0-8D11-00A0C91BC942}") = "DODengine", "DODengine\DODengine.vcxproj", "{C0EFBF50-B968-43BE-84B4-2C0C784CD90D}"
EndProject
Project("{8BC9CEB8-8B4A-11D0-8D11-00A0C91BC942}") = "DODutil", "DODutil\DODutil.vcxproj", "{7B813C35-8668-491D-AE46-1107D68E4892}"
EndProject
Project("{8BC9CEB8-8B4A-11D0-8D11-00A0C91BC942}") = "DODengineTest", "DODengineTest\DOEengineTest.vcxproj", "{34B910FA-67B6-4988-AEBA-7C27B61C159B}"
EndProject
Global
	GlobalSection(SolutionConfigurationPlatforms) = preSolution
		Debug|x64 = Debug|x64
		Debug|x86 = Debug|x86
		Release|x64 = Release|x64
		Release|x86 = Release|x86
	EndGlobalSection
	GlobalSection(ProjectConfigurationPlatforms) = postSolution
		{C0EFBF50-B968-43BE-84B4-2C0C784CD90D}.Debug|x64.ActiveCfg = Debug|x64
		{C0EFBF50-B968-43BE-84B4-2C0C784CD90D}.Debug|x64.Build.0 = Debug|x64
		{C0EFBF50-B968-43BE-84B4-2C0C784CD90D}.Debug|x86.ActiveCfg = Debug|Win32
		{C0EFBF50-B968-43BE-84B4-2C0C784CD90D}.Debug|x86.Build.0 = Debug|Win32
		{C0EFBF50-B968-43BE-84B4-2C0C784CD90D}.Release|x64.ActiveCfg = Release|x64
		{C0EFBF50-B968-43BE-84B4-2C0C784CD90D}.Release|x64.Build.0 = Release|x64
		{C0EFBF50-B968-43BE-84B4-2C0C784CD90D}.Release|x86.ActiveCfg = Release|Win32
		{C0EFBF50-B968-43BE-84B4-2C0C784CD90D}.Release|x86.Build.0 = Release|Win32
		{7B813C35-8668-491D-AE46-1107D68E4892}.Debug|x64.ActiveCfg = Debug|x64
		{7B813C35-8668-491D-AE46-1107D68E4892}.Debug|x64.Build.0 = Debug|x64
		{7B813C35-8668-491D-AE46-1107D68E4892}.Debug|x86.ActiveCfg = Debug|Win32
		{7B813C35-8668-491D-AE46-1107D68E4892}.Debug|x86.Build.0 = Debug|Win32
		{7B813C35-8668-491D-AE46-1107D68E4892}.Release|x64.ActiveCfg = Release|x64
		{7B813C35-8668-491D-AE46-1107D68E4892}.Release|x64.Build.0 = Release|x64
		{7B813C35-8668-491D-AE46-1107D68E4892}.Release|x86.ActiveCfg = Release|Win32
		{7B813C35-8668-491D-AE46-1107D68E4892}.Release|x86.Build.0 = Release|Win32
		{34B910FA-67B6-4988-AEBA-7C27B61C159B}.Debug|x64.ActiveCfg = Debug|x64
		{34B910FA-67B6-4988-AEBA-7C27B61C159B}.Debug|x64.Build.0 = Debug|x64
		{34B910FA-67B6-4988-AEBA-7C27B61C159B}.Debug|x86.ActiveCfg = Debug|Win32
		{34B910FA-67B6-4988-AEBA-7C27B61C159B}.Debug|x86.Build.0 = Debug|Win32
		{34B910FA-67B6-4988-AEBA-7C27B61C159B}.Release|x64.ActiveCfg = Release|x64
		{34B910FA-67B6-4988-AEBA-7C27B61C159B}.Release|x64.Build.0 = Release|x64
		{34B910FA-67B6-4988-AEBA-7C27B61C159B}.Release|x86.ActiveCfg = Release|Win32
		{34B910FA-67B6-4988-AEBA-7C27B61C159B}.Release|x86.Build.0 = Release|Win32
	EndGlobalSection
	GlobalSection(SolutionProperties) = preSolution
		HideSolutionNode = FALSE
	EndGlobalSection
	GlobalSection(ExtensibilityGlobals) = postSolution
		SolutionGuid = {4A6FD993-65FB-4F71-83A4-BC79F12D91AC}
	EndGlobalSection
EndGlobal
