
Microsoft Visual Studio Solution File, Format Version 12.00
# Visual Studio Version 17
VisualStudioVersion = 17.3.32825.248
MinimumVisualStudioVersion = 10.0.40219.1
Project("{8BC9CEB8-8B4A-11D0-8D11-00A0C91BC942}") = "DODutil", "DODutil\DODutil.vcxproj", "{7B813C35-8668-491D-AE46-1107D68E4892}"
EndProject
Project("{8BC9CEB8-8B4A-11D0-8D11-00A0C91BC942}") = "DODutilTest", "DODutilTest\DODutilTest.vcxproj", "{99810EFD-4DB7-4A9B-95CB-151780E7FC15}"
	ProjectSection(ProjectDependencies) = postProject
		{7B813C35-8668-491D-AE46-1107D68E4892} = {7B813C35-8668-491D-AE46-1107D68E4892}
	EndProjectSection
EndProject
Global
	GlobalSection(SolutionConfigurationPlatforms) = preSolution
		Debug|x64 = Debug|x64
		Debug|x86 = Debug|x86
		Release|x64 = Release|x64
		Release|x86 = Release|x86
	EndGlobalSection
	GlobalSection(ProjectConfigurationPlatforms) = postSolution
		{7B813C35-8668-491D-AE46-1107D68E4892}.Debug|x64.ActiveCfg = Debug|x64
		{7B813C35-8668-491D-AE46-1107D68E4892}.Debug|x64.Build.0 = Debug|x64
		{7B813C35-8668-491D-AE46-1107D68E4892}.Debug|x86.ActiveCfg = Debug|Win32
		{7B813C35-8668-491D-AE46-1107D68E4892}.Debug|x86.Build.0 = Debug|Win32
		{7B813C35-8668-491D-AE46-1107D68E4892}.Release|x64.ActiveCfg = Release|x64
		{7B813C35-8668-491D-AE46-1107D68E4892}.Release|x64.Build.0 = Release|x64
		{7B813C35-8668-491D-AE46-1107D68E4892}.Release|x86.ActiveCfg = Release|Win32
		{7B813C35-8668-491D-AE46-1107D68E4892}.Release|x86.Build.0 = Release|Win32
		{99810EFD-4DB7-4A9B-95CB-151780E7FC15}.Debug|x64.ActiveCfg = Debug|x64
		{99810EFD-4DB7-4A9B-95CB-151780E7FC15}.Debug|x64.Build.0 = Debug|x64
		{99810EFD-4DB7-4A9B-95CB-151780E7FC15}.Debug|x86.ActiveCfg = Debug|Win32
		{99810EFD-4DB7-4A9B-95CB-151780E7FC15}.Debug|x86.Build.0 = Debug|Win32
		{99810EFD-4DB7-4A9B-95CB-151780E7FC15}.Release|x64.ActiveCfg = Release|x64
		{99810EFD-4DB7-4A9B-95CB-151780E7FC15}.Release|x64.Build.0 = Release|x64
		{99810EFD-4DB7-4A9B-95CB-151780E7FC15}.Release|x86.ActiveCfg = Release|Win32
		{99810EFD-4DB7-4A9B-95CB-151780E7FC15}.Release|x86.Build.0 = Release|Win32
	EndGlobalSection
	GlobalSection(SolutionProperties) = preSolution
		HideSolutionNode = FALSE
	EndGlobalSection
	GlobalSection(ExtensibilityGlobals) = postSolution
		SolutionGuid = {A1314963-81A2-40C3-AA90-1C275B2304E9}
	EndGlobalSection
EndGlobal
